{
  "name": "Awesome-Minecraft-Tools",
  "lockfileVersion": 3,
  "requires": true,
  "packages": {
    "": {
      "dependencies": {
        "automatic-md-index": "^1.2.1"
      }
    },
    "node_modules/automatic-md-index": {
      "version": "1.2.1",
      "resolved": "https://registry.npmjs.org/automatic-md-index/-/automatic-md-index-1.2.1.tgz",
      "integrity": "sha512-Tja3TuZE1iQ+WNFEfWl2UhufnBkJbe5baEk7MZoEVcd3W94qbLbXgptftCjHZIlR4IJVV6ZQ+GOm85aD4IUmwg==",
      "license": "MIT",
      "bin": {
        "md-index": "dist/index.js"
      }
    }
  }
}
