{
  "name": "Awesome-Minecraft-Tools",
  "lockfileVersion": 3,
  "requires": true,
  "packages": {
    "": {
      "dependencies": {
        "automatic-md-index": "^1.0.0"
      }
    },
    "node_modules/automatic-md-index": {
      "version": "1.0.0",
      "resolved": "https://registry.npmjs.org/automatic-md-index/-/automatic-md-index-1.0.0.tgz",
      "integrity": "sha512-+UIhwBMi2S7L3qvrdMoOpZE2+fVgZ3VpSlkoH5pe0u0e91cY+lFvMBZb4KFdr59ah52u9/rEi0Vhj0VF+pq4ww==",
      "bin": {
        "md-index": "dist/index.js"
      }
    }
  }
}
