{
  "name": "site",
  "version": "1.0.0",
  "lockfileVersion": 3,
  "requires": true,
  "packages": {
    "": {
      "name": "site",
      "version": "1.0.0",
      "dependencies": {
        "samengine": "^1.7.5"
      }
    },
    "node_modules/samengine": {
      "version": "1.7.5",
      "resolved": "https://registry.npmjs.org/samengine/-/samengine-1.7.5.tgz",
      "integrity": "sha512-Fk0YCJQZqHJXO8o4JaUr/YvYrO39vu0AubKiytuKdXWZfwPyhiowyV4iuV2nbPUnXT2dwO1gM6h8kDYandLiGw==",
      "license": "MIT"
    }
  }
}
