{
  "name": "site",
  "version": "1.0.0",
  "lockfileVersion": 3,
  "requires": true,
  "packages": {
    "": {
      "name": "site",
      "version": "1.0.0",
      "dependencies": {
        "samengine": "^1.7.7"
      }
    },
    "node_modules/samengine": {
      "version": "1.7.7",
      "resolved": "https://registry.npmjs.org/samengine/-/samengine-1.7.7.tgz",
      "integrity": "sha512-KSxjd1kyhJxLAOsDp35/eWaYjBHWA6ejxNVw+pgQrb925mbqmGyiGe2miXymgL4PjKYKUVrsFlaN3o/ODRImUA==",
      "license": "MIT"
    }
  }
}
